<?xml version="1.0" encoding="utf-8"?>
<Project ToolsVersion="4.0" xmlns="http://schemas.microsoft.com/developer/msbuild/2003">
  <ItemGroup>
    <Filter Include="헤더 파일">
      <UniqueIdentifier>{93995380-89BD-4b04-88EB-625FBE52EBFB}</UniqueIdentifier>
      <Extensions>h;hh;hpp;hxx;h++;hm;inl;inc;ipp;xsd</Extensions>
    </Filter>
    <Filter Include="리소스 파일">
      <UniqueIdentifier>{67DA6AB6-F800-4c08-8B7A-83BB121AAD01}</UniqueIdentifier>
      <Extensions>rc;ico;cur;bmp;dlg;rc2;rct;bin;rgs;gif;jpg;jpeg;jpe;resx;tiff;tif;png;wav;mfcribbon-ms</Extensions>
    </Filter>
    <Filter Include="MySQL">
      <UniqueIdentifier>{b7adc7cf-a6c3-4b41-974a-649eff8be570}</UniqueIdentifier>
    </Filter>
    <Filter Include="DB2">
      <UniqueIdentifier>{9105b20b-4123-4875-b294-ab8cee59280f}</UniqueIdentifier>
    </Filter>
    <Filter Include="SQLServer">
      <UniqueIdentifier>{2403f359-e17d-42b3-ad14-68b7ef411ab2}</UniqueIdentifier>
    </Filter>
    <Filter Include="Oracle">
      <UniqueIdentifier>{b5c27dae-1769-4c72-a320-b9df8eb4ad5b}</UniqueIdentifier>
    </Filter>
    <Filter Include="PostgreSQL">
      <UniqueIdentifier>{639b3954-b057-4897-ab1e-039d34f5b8e1}</UniqueIdentifier>
    </Filter>
  </ItemGroup>
  <ItemGroup>
    <ClInclude Include="framework.h">
      <Filter>헤더 파일</Filter>
    </ClInclude>
    <ClInclude Include="Source\MySQL\MySQLLexer.h">
      <Filter>MySQL</Filter>
    </ClInclude>
    <ClInclude Include="Source\MySQL\MySQLLexerBase.h">
      <Filter>MySQL</Filter>
    </ClInclude>
    <ClInclude Include="Source\MySQL\MySQLParser.h">
      <Filter>MySQL</Filter>
    </ClInclude>
    <ClInclude Include="Source\MySQL\MySQLParserBase.h">
      <Filter>MySQL</Filter>
    </ClInclude>
    <ClInclude Include="Source\MySQL\MySQLParserBaseVisitor.h">
      <Filter>MySQL</Filter>
    </ClInclude>
    <ClInclude Include="Source\MySQL\MySQLParserVisitor.h">
      <Filter>MySQL</Filter>
    </ClInclude>
    <ClInclude Include="Source\MySQL\SqlMode.h">
      <Filter>MySQL</Filter>
    </ClInclude>
    <ClInclude Include="Source\MySQL\SqlModes.h">
      <Filter>MySQL</Filter>
    </ClInclude>
    <ClInclude Include="Source\DB2\Db2Parser.h">
      <Filter>DB2</Filter>
    </ClInclude>
    <ClInclude Include="Source\DB2\Db2ParserBaseVisitor.h">
      <Filter>DB2</Filter>
    </ClInclude>
    <ClInclude Include="Source\DB2\Db2ParserVisitor.h">
      <Filter>DB2</Filter>
    </ClInclude>
    <ClInclude Include="Source\DB2\Db2Lexer.h">
      <Filter>DB2</Filter>
    </ClInclude>
    <ClInclude Include="Source\PostgreSQL\PostgreSQLLexer.h">
      <Filter>PostgreSQL</Filter>
    </ClInclude>
    <ClInclude Include="Source\PostgreSQL\PostgreSQLLexerBase.h">
      <Filter>PostgreSQL</Filter>
    </ClInclude>
    <ClInclude Include="Source\PostgreSQL\PostgreSQLParser.h">
      <Filter>PostgreSQL</Filter>
    </ClInclude>
    <ClInclude Include="Source\PostgreSQL\PostgreSQLParserBase.h">
      <Filter>PostgreSQL</Filter>
    </ClInclude>
    <ClInclude Include="Source\PostgreSQL\PostgreSQLParserBaseVisitor.h">
      <Filter>PostgreSQL</Filter>
    </ClInclude>
    <ClInclude Include="Source\PostgreSQL\PostgreSQLParserVisitor.h">
      <Filter>PostgreSQL</Filter>
    </ClInclude>
    <ClInclude Include="Source\Oracle\PlSqlLexer.h">
      <Filter>Oracle</Filter>
    </ClInclude>
    <ClInclude Include="Source\Oracle\PlSqlLexerBase.h">
      <Filter>Oracle</Filter>
    </ClInclude>
    <ClInclude Include="Source\Oracle\PlSqlParser.h">
      <Filter>Oracle</Filter>
    </ClInclude>
    <ClInclude Include="Source\Oracle\PlSqlParserBase.h">
      <Filter>Oracle</Filter>
    </ClInclude>
    <ClInclude Include="Source\Oracle\PlSqlParserBaseVisitor.h">
      <Filter>Oracle</Filter>
    </ClInclude>
    <ClInclude Include="Source\Oracle\PlSqlParserVisitor.h">
      <Filter>Oracle</Filter>
    </ClInclude>
    <ClInclude Include="Source\SQL Server\TSqlLexer.h">
      <Filter>SQLServer</Filter>
    </ClInclude>
    <ClInclude Include="Source\SQL Server\TSqlParser.h">
      <Filter>SQLServer</Filter>
    </ClInclude>
    <ClInclude Include="Source\SQL Server\TSqlParserBaseVisitor.h">
      <Filter>SQLServer</Filter>
    </ClInclude>
    <ClInclude Include="Source\SQL Server\TSqlParserVisitor.h">
      <Filter>SQLServer</Filter>
    </ClInclude>
  </ItemGroup>
  <ItemGroup>
    <ClCompile Include="Source\MySQL\MySQLLexer.cpp">
      <Filter>MySQL</Filter>
    </ClCompile>
    <ClCompile Include="Source\MySQL\MySQLLexerBase.cpp">
      <Filter>MySQL</Filter>
    </ClCompile>
    <ClCompile Include="Source\MySQL\MySQLParser.cpp">
      <Filter>MySQL</Filter>
    </ClCompile>
    <ClCompile Include="Source\MySQL\MySQLParserBase.cpp">
      <Filter>MySQL</Filter>
    </ClCompile>
    <ClCompile Include="Source\MySQL\MySQLParserBaseVisitor.cpp">
      <Filter>MySQL</Filter>
    </ClCompile>
    <ClCompile Include="Source\MySQL\MySQLParserVisitor.cpp">
      <Filter>MySQL</Filter>
    </ClCompile>
    <ClCompile Include="Source\MySQL\SqlModes.cpp">
      <Filter>MySQL</Filter>
    </ClCompile>
    <ClCompile Include="Source\DB2\Db2Parser.cpp">
      <Filter>DB2</Filter>
    </ClCompile>
    <ClCompile Include="Source\DB2\Db2ParserBaseVisitor.cpp">
      <Filter>DB2</Filter>
    </ClCompile>
    <ClCompile Include="Source\DB2\Db2ParserVisitor.cpp">
      <Filter>DB2</Filter>
    </ClCompile>
    <ClCompile Include="Source\DB2\Db2Lexer.cpp">
      <Filter>DB2</Filter>
    </ClCompile>
    <ClCompile Include="Source\PostgreSQL\PostgreSQLLexer.cpp">
      <Filter>PostgreSQL</Filter>
    </ClCompile>
    <ClCompile Include="Source\PostgreSQL\PostgreSQLLexerBase.cpp">
      <Filter>PostgreSQL</Filter>
    </ClCompile>
    <ClCompile Include="Source\PostgreSQL\PostgreSQLParser.cpp">
      <Filter>PostgreSQL</Filter>
    </ClCompile>
    <ClCompile Include="Source\PostgreSQL\PostgreSQLParserBase.cpp">
      <Filter>PostgreSQL</Filter>
    </ClCompile>
    <ClCompile Include="Source\PostgreSQL\PostgreSQLParserBaseVisitor.cpp">
      <Filter>PostgreSQL</Filter>
    </ClCompile>
    <ClCompile Include="Source\PostgreSQL\PostgreSQLParserVisitor.cpp">
      <Filter>PostgreSQL</Filter>
    </ClCompile>
    <ClCompile Include="Source\Oracle\PlSqlLexer.cpp">
      <Filter>Oracle</Filter>
    </ClCompile>
    <ClCompile Include="Source\Oracle\PlSqlParser.cpp">
      <Filter>Oracle</Filter>
    </ClCompile>
    <ClCompile Include="Source\Oracle\PlSqlParserBaseVisitor.cpp">
      <Filter>Oracle</Filter>
    </ClCompile>
    <ClCompile Include="Source\Oracle\PlSqlParserVisitor.cpp">
      <Filter>Oracle</Filter>
    </ClCompile>
    <ClCompile Include="Source\SQL Server\TSqlLexer.cpp">
      <Filter>SQLServer</Filter>
    </ClCompile>
    <ClCompile Include="Source\SQL Server\TSqlParser.cpp">
      <Filter>SQLServer</Filter>
    </ClCompile>
    <ClCompile Include="Source\SQL Server\TSqlParserBaseVisitor.cpp">
      <Filter>SQLServer</Filter>
    </ClCompile>
    <ClCompile Include="Source\SQL Server\TSqlParserVisitor.cpp">
      <Filter>SQLServer</Filter>
    </ClCompile>
  </ItemGroup>
  <ItemGroup>
    <None Include="Source\MySQL\MySQLLexer.interp">
      <Filter>MySQL</Filter>
    </None>
    <None Include="Source\MySQL\MySQLLexer.tokens">
      <Filter>MySQL</Filter>
    </None>
    <None Include="Source\MySQL\MySQLParser.interp">
      <Filter>MySQL</Filter>
    </None>
    <None Include="Source\MySQL\MySQLParser.tokens">
      <Filter>MySQL</Filter>
    </None>
    <None Include="Source\MySQL\transformGrammar.py">
      <Filter>MySQL</Filter>
    </None>
    <None Include="Source\DB2\Db2Lexer.interp">
      <Filter>DB2</Filter>
    </None>
    <None Include="Source\DB2\Db2Lexer.tokens">
      <Filter>DB2</Filter>
    </None>
    <None Include="Source\DB2\Db2Parser.interp">
      <Filter>DB2</Filter>
    </None>
    <None Include="Source\DB2\Db2Parser.tokens">
      <Filter>DB2</Filter>
    </None>
    <None Include="Source\PostgreSQL\PostgreSQLLexer.interp">
      <Filter>PostgreSQL</Filter>
    </None>
    <None Include="Source\PostgreSQL\PostgreSQLLexer.tokens">
      <Filter>PostgreSQL</Filter>
    </None>
    <None Include="Source\PostgreSQL\PostgreSQLParser.interp">
      <Filter>PostgreSQL</Filter>
    </None>
    <None Include="Source\PostgreSQL\PostgreSQLParser.tokens">
      <Filter>PostgreSQL</Filter>
    </None>
    <None Include="Source\PostgreSQL\transformGrammar.py">
      <Filter>PostgreSQL</Filter>
    </None>
    <None Include="Source\Oracle\PlSqlLexer.interp">
      <Filter>Oracle</Filter>
    </None>
    <None Include="Source\Oracle\PlSqlLexer.tokens">
      <Filter>Oracle</Filter>
    </None>
    <None Include="Source\Oracle\PlSqlParser.interp">
      <Filter>Oracle</Filter>
    </None>
    <None Include="Source\Oracle\PlSqlParser.tokens">
      <Filter>Oracle</Filter>
    </None>
    <None Include="Source\Oracle\transformGrammar.py">
      <Filter>Oracle</Filter>
    </None>
    <None Include="Source\SQL Server\TSqlLexer.interp">
      <Filter>SQLServer</Filter>
    </None>
    <None Include="Source\SQL Server\TSqlLexer.tokens">
      <Filter>SQLServer</Filter>
    </None>
    <None Include="Source\SQL Server\TSqlParser.interp">
      <Filter>SQLServer</Filter>
    </None>
    <None Include="Source\SQL Server\TSqlParser.tokens">
      <Filter>SQLServer</Filter>
    </None>
  </ItemGroup>
  <ItemGroup>
    <Text Include="Source\Oracle\st.CMakeLists.txt">
      <Filter>Oracle</Filter>
    </Text>
  </ItemGroup>
</Project>